
Microsoft Visual Studio Solution File, Format Version 12.00
# Visual Studio Version 17
VisualStudioVersion = 17.5.33424.131
MinimumVisualStudioVersion = 10.0.40219.1
Project("{9A19103F-16F7-4668-BE54-9A1E7A4F7556}") = "NETCORE.API", "NETCORE.API\NETCORE.API.csproj", "{90F19158-E6C8-4C49-BFCD-3A9F9BC9E375}"
EndProject
Project("{9A19103F-16F7-4668-BE54-9A1E7A4F7556}") = "NETCORE.Application", "NETCORE.Application\NETCORE.Application.csproj", "{5557560C-8B31-4574-9DCD-CC3732DAC158}"
EndProject
Project("{9A19103F-16F7-4668-BE54-9A1E7A4F7556}") = "NETCORE.Domain", "NETCORE.Domain\NETCORE.Domain.csproj", "{4E86C4B8-A151-470E-8C25-5C04C7430627}"
EndProject
Project("{9A19103F-16F7-4668-BE54-9A1E7A4F7556}") = "NETCORE.Infraestructure", "NETCORE.Infraestructure\NETCORE.Infraestructure.csproj", "{BD793FFE-AF8C-44C8-A688-552C0AF82523}"
EndProject
Project("{9A19103F-16F7-4668-BE54-9A1E7A4F7556}") = "NETCORE.Shared", "NETCORE.Shared\NETCORE.Shared.csproj", "{2B736A0B-7DF4-4316-BA34-3DDB3794DFB9}"
EndProject
Global
	GlobalSection(SolutionConfigurationPlatforms) = preSolution
		Debug|Any CPU = Debug|Any CPU
		Release|Any CPU = Release|Any CPU
	EndGlobalSection
	GlobalSection(ProjectConfigurationPlatforms) = postSolution
		{90F19158-E6C8-4C49-BFCD-3A9F9BC9E375}.Debug|Any CPU.ActiveCfg = Debug|Any CPU
		{90F19158-E6C8-4C49-BFCD-3A9F9BC9E375}.Debug|Any CPU.Build.0 = Debug|Any CPU
		{90F19158-E6C8-4C49-BFCD-3A9F9BC9E375}.Release|Any CPU.ActiveCfg = Release|Any CPU
		{90F19158-E6C8-4C49-BFCD-3A9F9BC9E375}.Release|Any CPU.Build.0 = Release|Any CPU
		{5557560C-8B31-4574-9DCD-CC3732DAC158}.Debug|Any CPU.ActiveCfg = Debug|Any CPU
		{5557560C-8B31-4574-9DCD-CC3732DAC158}.Debug|Any CPU.Build.0 = Debug|Any CPU
		{5557560C-8B31-4574-9DCD-CC3732DAC158}.Release|Any CPU.ActiveCfg = Release|Any CPU
		{5557560C-8B31-4574-9DCD-CC3732DAC158}.Release|Any CPU.Build.0 = Release|Any CPU
		{4E86C4B8-A151-470E-8C25-5C04C7430627}.Debug|Any CPU.ActiveCfg = Debug|Any CPU
		{4E86C4B8-A151-470E-8C25-5C04C7430627}.Debug|Any CPU.Build.0 = Debug|Any CPU
		{4E86C4B8-A151-470E-8C25-5C04C7430627}.Release|Any CPU.ActiveCfg = Release|Any CPU
		{4E86C4B8-A151-470E-8C25-5C04C7430627}.Release|Any CPU.Build.0 = Release|Any CPU
		{BD793FFE-AF8C-44C8-A688-552C0AF82523}.Debug|Any CPU.ActiveCfg = Debug|Any CPU
		{BD793FFE-AF8C-44C8-A688-552C0AF82523}.Debug|Any CPU.Build.0 = Debug|Any CPU
		{BD793FFE-AF8C-44C8-A688-552C0AF82523}.Release|Any CPU.ActiveCfg = Release|Any CPU
		{BD793FFE-AF8C-44C8-A688-552C0AF82523}.Release|Any CPU.Build.0 = Release|Any CPU
		{2B736A0B-7DF4-4316-BA34-3DDB3794DFB9}.Debug|Any CPU.ActiveCfg = Debug|Any CPU
		{2B736A0B-7DF4-4316-BA34-3DDB3794DFB9}.Debug|Any CPU.Build.0 = Debug|Any CPU
		{2B736A0B-7DF4-4316-BA34-3DDB3794DFB9}.Release|Any CPU.ActiveCfg = Release|Any CPU
		{2B736A0B-7DF4-4316-BA34-3DDB3794DFB9}.Release|Any CPU.Build.0 = Release|Any CPU
	EndGlobalSection
	GlobalSection(SolutionProperties) = preSolution
		HideSolutionNode = FALSE
	EndGlobalSection
	GlobalSection(ExtensibilityGlobals) = postSolution
		SolutionGuid = {49C0DE92-5C7C-446A-BB48-42624DBBCA07}
	EndGlobalSection
EndGlobal
